
Microsoft Visual Studio Solution File, Format Version 12.00
# Visual Studio Version 17
VisualStudioVersion = 17.5.002.0
MinimumVisualStudioVersion = 10.0.40219.1
Project("{9A19103F-16F7-4668-BE54-9A1E7A4F7556}") = "Calculator", "Calculator\Calculator.csproj", "{D50BFF15-3A67-4B3E-811D-9126BBCA0A47}"
EndProject
Global
	GlobalSection(SolutionConfigurationPlatforms) = preSolution
		Debug|Any CPU = Debug|Any CPU
		Release|Any CPU = Release|Any CPU
	EndGlobalSection
	GlobalSection(ProjectConfigurationPlatforms) = postSolution
		{D50BFF15-3A67-4B3E-811D-9126BBCA0A47}.Debug|Any CPU.ActiveCfg = Debug|Any CPU
		{D50BFF15-3A67-4B3E-811D-9126BBCA0A47}.Debug|Any CPU.Build.0 = Debug|Any CPU
		{D50BFF15-3A67-4B3E-811D-9126BBCA0A47}.Release|Any CPU.ActiveCfg = Release|Any CPU
		{D50BFF15-3A67-4B3E-811D-9126BBCA0A47}.Release|Any CPU.Build.0 = Release|Any CPU
	EndGlobalSection
	GlobalSection(SolutionProperties) = preSolution
		HideSolutionNode = FALSE
	EndGlobalSection
	GlobalSection(ExtensibilityGlobals) = postSolution
		SolutionGuid = {8A6F6405-97ED-4216-BBEA-E9A168739D51}
	EndGlobalSection
EndGlobal
